
Microsoft Visual Studio Solution File, Format Version 12.00
# Visual Studio Version 17
VisualStudioVersion = 17.6.33815.320
MinimumVisualStudioVersion = 10.0.40219.1
Project("{FAE04EC0-301F-11D3-BF4B-00C04F79EFBC}") = "basamak", "basamak\basamak.csproj", "{9AF96E89-B982-4B32-832D-4CD233A7CC9A}"
EndProject
Global
	GlobalSection(SolutionConfigurationPlatforms) = preSolution
		Debug|Any CPU = Debug|Any CPU
		Release|Any CPU = Release|Any CPU
	EndGlobalSection
	GlobalSection(ProjectConfigurationPlatforms) = postSolution
		{9AF96E89-B982-4B32-832D-4CD233A7CC9A}.Debug|Any CPU.ActiveCfg = Debug|Any CPU
		{9AF96E89-B982-4B32-832D-4CD233A7CC9A}.Debug|Any CPU.Build.0 = Debug|Any CPU
		{9AF96E89-B982-4B32-832D-4CD233A7CC9A}.Release|Any CPU.ActiveCfg = Release|Any CPU
		{9AF96E89-B982-4B32-832D-4CD233A7CC9A}.Release|Any CPU.Build.0 = Release|Any CPU
	EndGlobalSection
	GlobalSection(SolutionProperties) = preSolution
		HideSolutionNode = FALSE
	EndGlobalSection
	GlobalSection(ExtensibilityGlobals) = postSolution
		SolutionGuid = {237167EC-7305-41DA-892C-07140086A2B2}
	EndGlobalSection
EndGlobal
