
Microsoft Visual Studio Solution File, Format Version 12.00
# Visual Studio Version 17
VisualStudioVersion = 17.6.33815.320
MinimumVisualStudioVersion = 10.0.40219.1
Project("{FAE04EC0-301F-11D3-BF4B-00C04F79EFBC}") = "meyveFiyat", "meyveFiyat\meyveFiyat.csproj", "{DB23B68D-FE90-461D-AAAC-E8DC446403CE}"
EndProject
Global
	GlobalSection(SolutionConfigurationPlatforms) = preSolution
		Debug|Any CPU = Debug|Any CPU
		Release|Any CPU = Release|Any CPU
	EndGlobalSection
	GlobalSection(ProjectConfigurationPlatforms) = postSolution
		{DB23B68D-FE90-461D-AAAC-E8DC446403CE}.Debug|Any CPU.ActiveCfg = Debug|Any CPU
		{DB23B68D-FE90-461D-AAAC-E8DC446403CE}.Debug|Any CPU.Build.0 = Debug|Any CPU
		{DB23B68D-FE90-461D-AAAC-E8DC446403CE}.Release|Any CPU.ActiveCfg = Release|Any CPU
		{DB23B68D-FE90-461D-AAAC-E8DC446403CE}.Release|Any CPU.Build.0 = Release|Any CPU
	EndGlobalSection
	GlobalSection(SolutionProperties) = preSolution
		HideSolutionNode = FALSE
	EndGlobalSection
	GlobalSection(ExtensibilityGlobals) = postSolution
		SolutionGuid = {4E6E1CFA-879F-417D-BC95-D8FCFABCA753}
	EndGlobalSection
EndGlobal
