
Microsoft Visual Studio Solution File, Format Version 12.00
# Visual Studio Version 17
VisualStudioVersion = 17.6.33815.320
MinimumVisualStudioVersion = 10.0.40219.1
Project("{FAE04EC0-301F-11D3-BF4B-00C04F79EFBC}") = "random", "random\random.csproj", "{0B42000A-B0FC-4C18-81F7-89B40D937777}"
EndProject
Global
	GlobalSection(SolutionConfigurationPlatforms) = preSolution
		Debug|Any CPU = Debug|Any CPU
		Release|Any CPU = Release|Any CPU
	EndGlobalSection
	GlobalSection(ProjectConfigurationPlatforms) = postSolution
		{0B42000A-B0FC-4C18-81F7-89B40D937777}.Debug|Any CPU.ActiveCfg = Debug|Any CPU
		{0B42000A-B0FC-4C18-81F7-89B40D937777}.Debug|Any CPU.Build.0 = Debug|Any CPU
		{0B42000A-B0FC-4C18-81F7-89B40D937777}.Release|Any CPU.ActiveCfg = Release|Any CPU
		{0B42000A-B0FC-4C18-81F7-89B40D937777}.Release|Any CPU.Build.0 = Release|Any CPU
	EndGlobalSection
	GlobalSection(SolutionProperties) = preSolution
		HideSolutionNode = FALSE
	EndGlobalSection
	GlobalSection(ExtensibilityGlobals) = postSolution
		SolutionGuid = {E919AAEA-0645-45B0-8D7D-7B6908F32897}
	EndGlobalSection
EndGlobal
