
Microsoft Visual Studio Solution File, Format Version 12.00
# Visual Studio Version 17
VisualStudioVersion = 17.9.34723.18
MinimumVisualStudioVersion = 10.0.40219.1
Project("{FAE04EC0-301F-11D3-BF4B-00C04F79EFBC}") = "adamAsmaca", "adamAsmaca\adamAsmaca.csproj", "{4ACA3771-E010-4CCC-A7C7-E6F70C3094E9}"
EndProject
Global
	GlobalSection(SolutionConfigurationPlatforms) = preSolution
		Debug|Any CPU = Debug|Any CPU
		Release|Any CPU = Release|Any CPU
	EndGlobalSection
	GlobalSection(ProjectConfigurationPlatforms) = postSolution
		{4ACA3771-E010-4CCC-A7C7-E6F70C3094E9}.Debug|Any CPU.ActiveCfg = Debug|Any CPU
		{4ACA3771-E010-4CCC-A7C7-E6F70C3094E9}.Debug|Any CPU.Build.0 = Debug|Any CPU
		{4ACA3771-E010-4CCC-A7C7-E6F70C3094E9}.Release|Any CPU.ActiveCfg = Release|Any CPU
		{4ACA3771-E010-4CCC-A7C7-E6F70C3094E9}.Release|Any CPU.Build.0 = Release|Any CPU
	EndGlobalSection
	GlobalSection(SolutionProperties) = preSolution
		HideSolutionNode = FALSE
	EndGlobalSection
	GlobalSection(ExtensibilityGlobals) = postSolution
		SolutionGuid = {8D325573-9EA4-4579-8EC9-335B7C25BFA6}
	EndGlobalSection
EndGlobal
