
Microsoft Visual Studio Solution File, Format Version 12.00
# Visual Studio Version 17
VisualStudioVersion = 17.6.33815.320
MinimumVisualStudioVersion = 10.0.40219.1
Project("{FAE04EC0-301F-11D3-BF4B-00C04F79EFBC}") = "indirimler", "indirimler\indirimler.csproj", "{7F765739-01ED-4411-927D-DAE94D1C65EA}"
EndProject
Global
	GlobalSection(SolutionConfigurationPlatforms) = preSolution
		Debug|Any CPU = Debug|Any CPU
		Release|Any CPU = Release|Any CPU
	EndGlobalSection
	GlobalSection(ProjectConfigurationPlatforms) = postSolution
		{7F765739-01ED-4411-927D-DAE94D1C65EA}.Debug|Any CPU.ActiveCfg = Debug|Any CPU
		{7F765739-01ED-4411-927D-DAE94D1C65EA}.Debug|Any CPU.Build.0 = Debug|Any CPU
		{7F765739-01ED-4411-927D-DAE94D1C65EA}.Release|Any CPU.ActiveCfg = Release|Any CPU
		{7F765739-01ED-4411-927D-DAE94D1C65EA}.Release|Any CPU.Build.0 = Release|Any CPU
	EndGlobalSection
	GlobalSection(SolutionProperties) = preSolution
		HideSolutionNode = FALSE
	EndGlobalSection
	GlobalSection(ExtensibilityGlobals) = postSolution
		SolutionGuid = {E79B1365-1DCB-46E9-B038-5D23F2BF5C11}
	EndGlobalSection
EndGlobal
